# This file is automatically @generated by Cargo.
# It is not intended for manual editing.
version = 3

[[package]]
name = "reftest-manifest"
version = "0.1.0"
dependencies = [
 "retain_mut",
]

[[package]]
name = "retain_mut"
version = "0.1.4"
source = "registry+https://github.com/rust-lang/crates.io-index"
checksum = "448296241d034b96c11173591deaa1302f2c17b56092106c1f92c1bc0183a8c9"
